
Microsoft Visual Studio Solution File, Format Version 12.00
# Visual Studio Version 17
VisualStudioVersion = 17.7.34024.191
MinimumVisualStudioVersion = 10.0.40219.1
Project("{FAE04EC0-301F-11D3-BF4B-00C04F79EFBC}") = "BankWebApp", "BankWebApp.csproj", "{A685BE56-8CD9-47BA-A074-B59063C62825}"
EndProject
Global
	GlobalSection(SolutionConfigurationPlatforms) = preSolution
		Debug|Any CPU = Debug|Any CPU
		Release|Any CPU = Release|Any CPU
	EndGlobalSection
	GlobalSection(ProjectConfigurationPlatforms) = postSolution
		{A685BE56-8CD9-47BA-A074-B59063C62825}.Debug|Any CPU.ActiveCfg = Debug|Any CPU
		{A685BE56-8CD9-47BA-A074-B59063C62825}.Debug|Any CPU.Build.0 = Debug|Any CPU
		{A685BE56-8CD9-47BA-A074-B59063C62825}.Release|Any CPU.ActiveCfg = Release|Any CPU
		{A685BE56-8CD9-47BA-A074-B59063C62825}.Release|Any CPU.Build.0 = Release|Any CPU
	EndGlobalSection
	GlobalSection(SolutionProperties) = preSolution
		HideSolutionNode = FALSE
	EndGlobalSection
	GlobalSection(ExtensibilityGlobals) = postSolution
		SolutionGuid = {62BD0054-FA67-4293-9CEC-F503F128CFC4}
	EndGlobalSection
EndGlobal
